
Microsoft Visual Studio Solution File, Format Version 12.00
# Visual Studio Version 17
VisualStudioVersion = 17.3.32922.545
MinimumVisualStudioVersion = 10.0.40219.1
Project("{FAE04EC0-301F-11D3-BF4B-00C04F79EFBC}") = "d03", "d03\d03.csproj", "{B81BA249-3C4F-4CC7-9944-5406CCA8A838}"
EndProject
Project("{FAE04EC0-301F-11D3-BF4B-00C04F79EFBC}") = "d03_ex04", "d03_ex04\d03_ex04.csproj", "{4FE7B303-F748-40EC-9178-608E63B61D4B}"
EndProject
Global
	GlobalSection(SolutionConfigurationPlatforms) = preSolution
		Debug|Any CPU = Debug|Any CPU
		Release|Any CPU = Release|Any CPU
	EndGlobalSection
	GlobalSection(ProjectConfigurationPlatforms) = postSolution
		{B81BA249-3C4F-4CC7-9944-5406CCA8A838}.Debug|Any CPU.ActiveCfg = Debug|Any CPU
		{B81BA249-3C4F-4CC7-9944-5406CCA8A838}.Debug|Any CPU.Build.0 = Debug|Any CPU
		{B81BA249-3C4F-4CC7-9944-5406CCA8A838}.Release|Any CPU.ActiveCfg = Release|Any CPU
		{B81BA249-3C4F-4CC7-9944-5406CCA8A838}.Release|Any CPU.Build.0 = Release|Any CPU
		{4FE7B303-F748-40EC-9178-608E63B61D4B}.Debug|Any CPU.ActiveCfg = Debug|Any CPU
		{4FE7B303-F748-40EC-9178-608E63B61D4B}.Debug|Any CPU.Build.0 = Debug|Any CPU
		{4FE7B303-F748-40EC-9178-608E63B61D4B}.Release|Any CPU.ActiveCfg = Release|Any CPU
		{4FE7B303-F748-40EC-9178-608E63B61D4B}.Release|Any CPU.Build.0 = Release|Any CPU
	EndGlobalSection
	GlobalSection(SolutionProperties) = preSolution
		HideSolutionNode = FALSE
	EndGlobalSection
	GlobalSection(ExtensibilityGlobals) = postSolution
		SolutionGuid = {74203F18-EE3F-4DB7-A14A-C9B68B9D48DF}
	EndGlobalSection
EndGlobal
